schema: '2.0'
stages:
  prepare_base_model:
    cmd: python -m src.pipeline.stage_01_prepare_base_model
    deps:
    - path: config/config.yaml
      hash: md5
      md5: 0e8efaefb31dd804e2aeb0f993d3ad42
      size: 529
    - path: src/pipeline/stage_01_prepare_base_model.py
      hash: md5
      md5: b58cbc288ea819c848a7843570218c5e
      size: 1388
  test_ingestion:
    cmd: python -m src.pipeline.stage_02_test_data_ingestion
    deps:
    - path: config/config.yaml
      hash: md5
      md5: 0e8efaefb31dd804e2aeb0f993d3ad42
      size: 529
    - path: src/pipeline/stage_02_test_data_ingestion.py
      hash: md5
      md5: 915cbcaeb7634516b870076061704497
      size: 2022
    outs:
    - path: artifact/product_uuids.json
      hash: md5
      md5: 627286f5b1b91b446ad6dd568cbd35d1
      size: 1742
  evaluation:
    cmd: python -m src.pipeline.stage_03_model_evaluation
    deps:
    - path: config/config.yaml
      hash: md5
      md5: 0e8efaefb31dd804e2aeb0f993d3ad42
      size: 529
    - path: evaluation/testset
      hash: md5
      md5: 2f331258aa79f5c7b051ec070f1e8f72.dir
      size: 281986
      nfiles: 31
    - path: src/pipeline/stage_03_model_evaluation.py
      hash: md5
      md5: 28a8e81a5b9a673114cd4a6d4b217846
      size: 2062
    outs:
    - path: evaluation/metrics/base-scores.json
      hash: md5
      md5: 12ab33a3d43eec368e6ea0b02df72486
      size: 586
